// !$*UTF8*$!
{
	archiveVersion = 1;
	classes = {
	};
	objectVersion = 50;
	objects = {

/* Begin PBXBuildFile section */
		AE5A21B224B90E4200DD5586 /* AppDelegate.swift in Sources */ = {isa = PBXBuildFile; fileRef = AE5A21B124B90E4200DD5586 /* AppDelegate.swift */; };
		AE5A21B424B90E4200DD5586 /* SceneDelegate.swift in Sources */ = {isa = PBXBuildFile; fileRef = AE5A21B324B90E4200DD5586 /* SceneDelegate.swift */; };
		AE5A21B624B90E4200DD5586 /* ViewController.swift in Sources */ = {isa = PBXBuildFile; fileRef = AE5A21B524B90E4200DD5586 /* ViewController.swift */; };
		AE5A21B924B90E4200DD5586 /* Main.storyboard in Resources */ = {isa = PBXBuildFile; fileRef = AE5A21B724B90E4200DD5586 /* Main.storyboard */; };
		AE5A21BB24B90E4700DD5586 /* Assets.xcassets in Resources */ = {isa = PBXBuildFile; fileRef = AE5A21BA24B90E4700DD5586 /* Assets.xcassets */; };
		AE5A21BE24B90E4700DD5586 /* LaunchScreen.storyboard in Resources */ = {isa = PBXBuildFile; fileRef = AE5A21BC24B90E4700DD5586 /* LaunchScreen.storyboard */; };
		AE5A21CA24B90E8800DD5586 /* trumpet.mp3 in Resources */ = {isa = PBXBuildFile; fileRef = AE5A21C624B90E8800DD5586 /* trumpet.mp3 */; };
		AE5A21CB24B90E8800DD5586 /* flute.mp3 in Resources */ = {isa = PBXBuildFile; fileRef = AE5A21C724B90E8800DD5586 /* flute.mp3 */; };
		AE5A21CC24B90E8800DD5586 /* guitar.mp3 in Resources */ = {isa = PBXBuildFile; fileRef = AE5A21C824B90E8800DD5586 /* guitar.mp3 */; };
		AE5A21CD24B90E8800DD5586 /* tuba.mp3 in Resources */ = {isa = PBXBuildFile; fileRef = AE5A21C924B90E8800DD5586 /* tuba.mp3 */; };
/* End PBXBuildFile section */

/* Begin PBXFileReference section */
		AE5A21AE24B90E4200DD5586 /* Musical Instruments (Starter).app */ = {isa = PBXFileReference; explicitFileType = wrapper.application; includeInIndex = 0; path = "Musical Instruments (Starter).app"; sourceTree = BUILT_PRODUCTS_DIR; };
		AE5A21B124B90E4200DD5586 /* AppDelegate.swift */ = {isa = PBXFileReference; lastKnownFileType = sourcecode.swift; path = AppDelegate.swift; sourceTree = "<group>"; };
		AE5A21B324B90E4200DD5586 /* SceneDelegate.swift */ = {isa = PBXFileReference; lastKnownFileType = sourcecode.swift; path = SceneDelegate.swift; sourceTree = "<group>"; };
		AE5A21B524B90E4200DD5586 /* ViewController.swift */ = {isa = PBXFileReference; lastKnownFileType = sourcecode.swift; path = ViewController.swift; sourceTree = "<group>"; };
		AE5A21B824B90E4200DD5586 /* Base */ = {isa = PBXFileReference; lastKnownFileType = file.storyboard; name = Base; path = Base.lproj/Main.storyboard; sourceTree = "<group>"; };
		AE5A21BA24B90E4700DD5586 /* Assets.xcassets */ = {isa = PBXFileReference; lastKnownFileType = folder.assetcatalog; path = Assets.xcassets; sourceTree = "<group>"; };
		AE5A21BD24B90E4700DD5586 /* Base */ = {isa = PBXFileReference; lastKnownFileType = file.storyboard; name = Base; path = Base.lproj/LaunchScreen.storyboard; sourceTree = "<group>"; };
		AE5A21BF24B90E4700DD5586 /* Info.plist */ = {isa = PBXFileReference; lastKnownFileType = text.plist.xml; path = Info.plist; sourceTree = "<group>"; };
		AE5A21C624B90E8800DD5586 /* trumpet.mp3 */ = {isa = PBXFileReference; lastKnownFileType = audio.mp3; path = trumpet.mp3; sourceTree = "<group>"; };
		AE5A21C724B90E8800DD5586 /* flute.mp3 */ = {isa = PBXFileReference; lastKnownFileType = audio.mp3; path = flute.mp3; sourceTree = "<group>"; };
		AE5A21C824B90E8800DD5586 /* guitar.mp3 */ = {isa = PBXFileReference; lastKnownFileType = audio.mp3; path = guitar.mp3; sourceTree = "<group>"; };
		AE5A21C924B90E8800DD5586 /* tuba.mp3 */ = {isa = PBXFileReference; lastKnownFileType = audio.mp3; path = tuba.mp3; sourceTree = "<group>"; };
/* End PBXFileReference section */

/* Begin PBXFrameworksBuildPhase section */
		AE5A21AB24B90E4200DD5586 /* Frameworks */ = {
			isa = PBXFrameworksBuildPhase;
			buildActionMask = 2147483647;
			files = (
			);
			runOnlyForDeploymentPostprocessing = 0;
		};
/* End PBXFrameworksBuildPhase section */

/* Begin PBXGroup section */
		AE5A21A524B90E4200DD5586 = {
			isa = PBXGroup;
			children = (
				AE5A21B024B90E4200DD5586 /* Musical Instruments (Starter) */,
				AE5A21AF24B90E4200DD5586 /* Products */,
			);
			sourceTree = "<group>";
		};
		AE5A21AF24B90E4200DD5586 /* Products */ = {
			isa = PBXGroup;
			children = (
				AE5A21AE24B90E4200DD5586 /* Musical Instruments (Starter).app */,
			);
			name = Products;
			sourceTree = "<group>";
		};
		AE5A21B024B90E4200DD5586 /* Musical Instruments (Starter) */ = {
			isa = PBXGroup;
			children = (
				AE5A21B124B90E4200DD5586 /* AppDelegate.swift */,
				AE5A21B324B90E4200DD5586 /* SceneDelegate.swift */,
				AE5A21B524B90E4200DD5586 /* ViewController.swift */,
				AE5A21B724B90E4200DD5586 /* Main.storyboard */,
				AE5A21BA24B90E4700DD5586 /* Assets.xcassets */,
				AE5A21BC24B90E4700DD5586 /* LaunchScreen.storyboard */,
				AE5A21BF24B90E4700DD5586 /* Info.plist */,
				AE5A21C524B90E7900DD5586 /* Sounds */,
			);
			path = "Musical Instruments (Starter)";
			sourceTree = "<group>";
		};
		AE5A21C524B90E7900DD5586 /* Sounds */ = {
			isa = PBXGroup;
			children = (
				AE5A21C724B90E8800DD5586 /* flute.mp3 */,
				AE5A21C824B90E8800DD5586 /* guitar.mp3 */,
				AE5A21C624B90E8800DD5586 /* trumpet.mp3 */,
				AE5A21C924B90E8800DD5586 /* tuba.mp3 */,
			);
			path = Sounds;
			sourceTree = "<group>";
		};
/* End PBXGroup section */

/* Begin PBXNativeTarget section */
		AE5A21AD24B90E4200DD5586 /* Musical Instruments (Starter) */ = {
			isa = PBXNativeTarget;
			buildConfigurationList = AE5A21C224B90E4700DD5586 /* Build configuration list for PBXNativeTarget "Musical Instruments (Starter)" */;
			buildPhases = (
				AE5A21AA24B90E4200DD5586 /* Sources */,
				AE5A21AB24B90E4200DD5586 /* Frameworks */,
				AE5A21AC24B90E4200DD5586 /* Resources */,
			);
			buildRules = (
			);
			dependencies = (
			);
			name = "Musical Instruments (Starter)";
			productName = "Musical Instruments (Starter)";
			productReference = AE5A21AE24B90E4200DD5586 /* Musical Instruments (Starter).app */;
			productType = "com.apple.product-type.application";
		};
/* End PBXNativeTarget section */

/* Begin PBXProject section */
		AE5A21A624B90E4200DD5586 /* Project object */ = {
			isa = PBXProject;
			attributes = {
				LastSwiftUpdateCheck = 1150;
				LastUpgradeCheck = 1150;
				ORGANIZATIONNAME = "Ben Alemu";
				TargetAttributes = {
					AE5A21AD24B90E4200DD5586 = {
						CreatedOnToolsVersion = 11.5;
					};
				};
			};
			buildConfigurationList = AE5A21A924B90E4200DD5586 /* Build configuration list for PBXProject "Musical Instruments (Starter)" */;
			compatibilityVersion = "Xcode 9.3";
			developmentRegion = en;
			hasScannedForEncodings = 0;
			knownRegions = (
				en,
				Base,
			);
			mainGroup = AE5A21A524B90E4200DD5586;
			productRefGroup = AE5A21AF24B90E4200DD5586 /* Products */;
			projectDirPath = "";
			projectRoot = "";
			targets = (
				AE5A21AD24B90E4200DD5586 /* Musical Instruments (Starter) */,
			);
		};
/* End PBXProject section */

/* Begin PBXResourcesBuildPhase section */
		AE5A21AC24B90E4200DD5586 /* Resources */ = {
			isa = PBXResourcesBuildPhase;
			buildActionMask = 2147483647;
			files = (
				AE5A21BE24B90E4700DD5586 /* LaunchScreen.storyboard in Resources */,
				AE5A21BB24B90E4700DD5586 /* Assets.xcassets in Resources */,
				AE5A21CC24B90E8800DD5586 /* guitar.mp3 in Resources */,
				AE5A21CA24B90E8800DD5586 /* trumpet.mp3 in Resources */,
				AE5A21B924B90E4200DD5586 /* Main.storyboard in Resources */,
				AE5A21CB24B90E8800DD5586 /* flute.mp3 in Resources */,
				AE5A21CD24B90E8800DD5586 /* tuba.mp3 in Resources */,
			);
			runOnlyForDeploymentPostprocessing = 0;
		};
/* End PBXResourcesBuildPhase section */

/* Begin PBXSourcesBuildPhase section */
		AE5A21AA24B90E4200DD5586 /* Sources */ = {
			isa = PBXSourcesBuildPhase;
			buildActionMask = 2147483647;
			files = (
				AE5A21B624B90E4200DD5586 /* ViewController.swift in Sources */,
				AE5A21B224B90E4200DD5586 /* AppDelegate.swift in Sources */,
				AE5A21B424B90E4200DD5586 /* SceneDelegate.swift in Sources */,
			);
			runOnlyForDeploymentPostprocessing = 0;
		};
/* End PBXSourcesBuildPhase section */

/* Begin PBXVariantGroup section */
		AE5A21B724B90E4200DD5586 /* Main.storyboard */ = {
			isa = PBXVariantGroup;
			children = (
				AE5A21B824B90E4200DD5586 /* Base */,
			);
			name = Main.storyboard;
			sourceTree = "<group>";
		};
		AE5A21BC24B90E4700DD5586 /* LaunchScreen.storyboard */ = {
			isa = PBXVariantGroup;
			children = (
				AE5A21BD24B90E4700DD5586 /* Base */,
			);
			name = LaunchScreen.storyboard;
			sourceTree = "<group>";
		};
/* End PBXVariantGroup section */

/* Begin XCBuildConfiguration section */
		AE5A21C024B90E4700DD5586 /* Debug */ = {
			isa = XCBuildConfiguration;
			buildSettings = {
				ALWAYS_SEARCH_USER_PATHS = NO;
				CLANG_ANALYZER_NONNULL = YES;
				CLANG_ANALYZER_NUMBER_OBJECT_CONVERSION = YES_AGGRESSIVE;
				CLANG_CXX_LANGUAGE_STANDARD = "gnu++14";
				CLANG_CXX_LIBRARY = "libc++";
				CLANG_ENABLE_MODULES = YES;
				CLANG_ENABLE_OBJC_ARC = YES;
				CLANG_ENABLE_OBJC_WEAK = YES;
				CLANG_WARN_BLOCK_CAPTURE_AUTORELEASING = YES;
				CLANG_WARN_BOOL_CONVERSION = YES;
				CLANG_WARN_COMMA = YES;
				CLANG_WARN_CONSTANT_CONVERSION = YES;
				CLANG_WARN_DEPRECATED_OBJC_IMPLEMENTATIONS = YES;
				CLANG_WARN_DIRECT_OBJC_ISA_USAGE = YES_ERROR;
				CLANG_WARN_DOCUMENTATION_COMMENTS = YES;
				CLANG_WARN_EMPTY_BODY = YES;
				CLANG_WARN_ENUM_CONVERSION = YES;
				CLANG_WARN_INFINITE_RECURSION = YES;
				CLANG_WARN_INT_CONVERSION = YES;
				CLANG_WARN_NON_LITERAL_NULL_CONVERSION = YES;
				CLANG_WARN_OBJC_IMPLICIT_RETAIN_SELF = YES;
				CLANG_WARN_OBJC_LITERAL_CONVERSION = YES;
				CLANG_WARN_OBJC_ROOT_CLASS = YES_ERROR;
				CLANG_WARN_RANGE_LOOP_ANALYSIS = YES;
				CLANG_WARN_STRICT_PROTOTYPES = YES;
				CLANG_WARN_SUSPICIOUS_MOVE = YES;
				CLANG_WARN_UNGUARDED_AVAILABILITY = YES_AGGRESSIVE;
				CLANG_WARN_UNREACHABLE_CODE = YES;
				CLANG_WARN__DUPLICATE_METHOD_MATCH = YES;
				COPY_PHASE_STRIP = NO;
				DEBUG_INFORMATION_FORMAT = dwarf;
				ENABLE_STRICT_OBJC_MSGSEND = YES;
				ENABLE_TESTABILITY = YES;
				GCC_C_LANGUAGE_STANDARD = gnu11;
				GCC_DYNAMIC_NO_PIC = NO;
				GCC_NO_COMMON_BLOCKS = YES;
				GCC_OPTIMIZATION_LEVEL = 0;
				GCC_PREPROCESSOR_DEFINITIONS = (
					"DEBUG=1",
					"$(inherited)",
				);
				GCC_WARN_64_TO_32_BIT_CONVERSION = YES;
				GCC_WARN_ABOUT_RETURN_TYPE = YES_ERROR;
				GCC_WARN_UNDECLARED_SELECTOR = YES;
				GCC_WARN_UNINITIALIZED_AUTOS = YES_AGGRESSIVE;
				GCC_WARN_UNUSED_FUNCTION = YES;
				GCC_WARN_UNUSED_VARIABLE = YES;
				IPHONEOS_DEPLOYMENT_TARGET = 13.5;
				MTL_ENABLE_DEBUG_INFO = INCLUDE_SOURCE;
				MTL_FAST_MATH = YES;
				ONLY_ACTIVE_ARCH = YES;
				SDKROOT = iphoneos;
				SWIFT_ACTIVE_COMPILATION_CONDITIONS = DEBUG;
				SWIFT_OPTIMIZATION_LEVEL = "-Onone";
			};
			name = Debug;
		};
		AE5A21C124B90E4700DD5586 /* Release */ = {
			isa = XCBuildConfiguration;
			buildSettings = {
				ALWAYS_SEARCH_USER_PATHS = NO;
				CLANG_ANALYZER_NONNULL = YES;
				CLANG_ANALYZER_NUMBER_OBJECT_CONVERSION = YES_AGGRESSIVE;
				CLANG_CXX_LANGUAGE_STANDARD = "gnu++14";
				CLANG_CXX_LIBRARY = "libc++";
				CLANG_ENABLE_MODULES = YES;
				CLANG_ENABLE_OBJC_ARC = YES;
				CLANG_ENABLE_OBJC_WEAK = YES;
				CLANG_WARN_BLOCK_CAPTURE_AUTORELEASING = YES;
				CLANG_WARN_BOOL_CONVERSION = YES;
				CLANG_WARN_COMMA = YES;
				CLANG_WARN_CONSTANT_CONVERSION = YES;
				CLANG_WARN_DEPRECATED_OBJC_IMPLEMENTATIONS = YES;
				CLANG_WARN_DIRECT_OBJC_ISA_USAGE = YES_ERROR;
				CLANG_WARN_DOCUMENTATION_COMMENTS = YES;
				CLANG_WARN_EMPTY_BODY = YES;
				CLANG_WARN_ENUM_CONVERSION = YES;
				CLANG_WARN_INFINITE_RECURSION = YES;
				CLANG_WARN_INT_CONVERSION = YES;
				CLANG_WARN_NON_LITERAL_NULL_CONVERSION = YES;
				CLANG_WARN_OBJC_IMPLICIT_RETAIN_SELF = YES;
				CLANG_WARN_OBJC_LITERAL_CONVERSION = YES;
				CLANG_WARN_OBJC_ROOT_CLASS = YES_ERROR;
				CLANG_WARN_RANGE_LOOP_ANALYSIS = YES;
				CLANG_WARN_STRICT_PROTOTYPES = YES;
				CLANG_WARN_SUSPICIOUS_MOVE = YES;
				CLANG_WARN_UNGUARDED_AVAILABILITY = YES_AGGRESSIVE;
				CLANG_WARN_UNREACHABLE_CODE = YES;
				CLANG_WARN__DUPLICATE_METHOD_MATCH = YES;
				COPY_PHASE_STRIP = NO;
				DEBUG_INFORMATION_FORMAT = "dwarf-with-dsym";
				ENABLE_NS_ASSERTIONS = NO;
				ENABLE_STRICT_OBJC_MSGSEND = YES;
				GCC_C_LANGUAGE_STANDARD = gnu11;
				GCC_NO_COMMON_BLOCKS = YES;
				GCC_WARN_64_TO_32_BIT_CONVERSION = YES;
				GCC_WARN_ABOUT_RETURN_TYPE = YES_ERROR;
				GCC_WARN_UNDECLARED_SELECTOR = YES;
				GCC_WARN_UNINITIALIZED_AUTOS = YES_AGGRESSIVE;
				GCC_WARN_UNUSED_FUNCTION = YES;
				GCC_WARN_UNUSED_VARIABLE = YES;
				IPHONEOS_DEPLOYMENT_TARGET = 13.5;
				MTL_ENABLE_DEBUG_INFO = NO;
				MTL_FAST_MATH = YES;
				SDKROOT = iphoneos;
				SWIFT_COMPILATION_MODE = wholemodule;
				SWIFT_OPTIMIZATION_LEVEL = "-O";
				VALIDATE_PRODUCT = YES;
			};
			name = Release;
		};
		AE5A21C324B90E4700DD5586 /* Debug */ = {
			isa = XCBuildConfiguration;
			buildSettings = {
				ASSETCATALOG_COMPILER_APPICON_NAME = AppIcon;
				CODE_SIGN_STYLE = Automatic;
				DEVELOPMENT_TEAM = N8NJTU7M6M;
				INFOPLIST_FILE = "Musical Instruments (Starter)/Info.plist";
				LD_RUNPATH_SEARCH_PATHS = (
					"$(inherited)",
					"@executable_path/Frameworks",
				);
				PRODUCT_BUNDLE_IDENTIFIER = "com.thesdcoders.Musical-Instruments--Starter-";
				PRODUCT_NAME = "$(TARGET_NAME)";
				SWIFT_VERSION = 5.0;
				TARGETED_DEVICE_FAMILY = "1,2";
			};
			name = Debug;
		};
		AE5A21C424B90E4700DD5586 /* Release */ = {
			isa = XCBuildConfiguration;
			buildSettings = {
				ASSETCATALOG_COMPILER_APPICON_NAME = AppIcon;
				CODE_SIGN_STYLE = Automatic;
				DEVELOPMENT_TEAM = N8NJTU7M6M;
				INFOPLIST_FILE = "Musical Instruments (Starter)/Info.plist";
				LD_RUNPATH_SEARCH_PATHS = (
					"$(inherited)",
					"@executable_path/Frameworks",
				);
				PRODUCT_BUNDLE_IDENTIFIER = "com.thesdcoders.Musical-Instruments--Starter-";
				PRODUCT_NAME = "$(TARGET_NAME)";
				SWIFT_VERSION = 5.0;
				TARGETED_DEVICE_FAMILY = "1,2";
			};
			name = Release;
		};
/* End XCBuildConfiguration section */

/* Begin XCConfigurationList section */
		AE5A21A924B90E4200DD5586 /* Build configuration list for PBXProject "Musical Instruments (Starter)" */ = {
			isa = XCConfigurationList;
			buildConfigurations = (
				AE5A21C024B90E4700DD5586 /* Debug */,
				AE5A21C124B90E4700DD5586 /* Release */,
			);
			defaultConfigurationIsVisible = 0;
			defaultConfigurationName = Release;
		};
		AE5A21C224B90E4700DD5586 /* Build configuration list for PBXNativeTarget "Musical Instruments (Starter)" */ = {
			isa = XCConfigurationList;
			buildConfigurations = (
				AE5A21C324B90E4700DD5586 /* Debug */,
				AE5A21C424B90E4700DD5586 /* Release */,
			);
			defaultConfigurationIsVisible = 0;
			defaultConfigurationName = Release;
		};
/* End XCConfigurationList section */
	};
	rootObject = AE5A21A624B90E4200DD5586 /* Project object */;
}
